
Microsoft Visual Studio Solution File, Format Version 12.00
# Visual Studio 15
VisualStudioVersion = 15.0.28307.1972
MinimumVisualStudioVersion = 10.0.40219.1
Project("{FAE04EC0-301F-11D3-BF4B-00C04F79EFBC}") = "ExcelToSQL", "src\ExcelToSQL\ExcelToSQL.csproj", "{B650D79B-03AD-4732-AA4C-AA9C525CFC10}"
EndProject
Project("{2150E333-8FDC-42A3-9474-1A3956D46DE8}") = "Presentation", "Presentation", "{8B5598C7-6830-4590-A6C2-26A34C46C9B8}"
EndProject
Project("{2150E333-8FDC-42A3-9474-1A3956D46DE8}") = "Domain", "Domain", "{10BE1957-B60E-4005-80AF-7F207FB0DDC6}"
EndProject
Project("{2150E333-8FDC-42A3-9474-1A3956D46DE8}") = "Data", "Data", "{60588F02-E7D3-48D6-8509-59C533A1CCF1}"
EndProject
Project("{2150E333-8FDC-42A3-9474-1A3956D46DE8}") = "Views", "Views", "{6AC564DF-F9EB-4D75-81C5-B0DBBEE87894}"
EndProject
Project("{2150E333-8FDC-42A3-9474-1A3956D46DE8}") = "ViewModels", "ViewModels", "{B9D9B925-21BF-4980-B54E-AB3282D71F40}"
EndProject
Project("{2150E333-8FDC-42A3-9474-1A3956D46DE8}") = "Repository", "Repository", "{B6FC9DCA-E31E-43FF-997F-1BD5C3145CE2}"
EndProject
Project("{2150E333-8FDC-42A3-9474-1A3956D46DE8}") = "Entity", "Entity", "{714C1EF6-A7BF-464B-B9F2-C674E244C74C}"
EndProject
Project("{2150E333-8FDC-42A3-9474-1A3956D46DE8}") = "Usecase", "Usecase", "{862F9B34-E64E-40F2-8039-2ADB599AE3BC}"
EndProject
Project("{2150E333-8FDC-42A3-9474-1A3956D46DE8}") = "Datasource", "Datasource", "{BAC1689C-07E6-46C7-B9A8-27FDEAA0A2C1}"
EndProject
Project("{FAE04EC0-301F-11D3-BF4B-00C04F79EFBC}") = "Upgrade", "src\Presentation\Views\Upgrade\Upgrade.csproj", "{2E013B70-BAF5-4BD3-A22C-BD07E291144D}"
EndProject
Project("{FAE04EC0-301F-11D3-BF4B-00C04F79EFBC}") = "Excel", "src\Presentation\Views\Excel\Excel.csproj", "{FB5D7724-353A-4E94-AD39-54336021AC7B}"
EndProject
Project("{2150E333-8FDC-42A3-9474-1A3956D46DE8}") = "Core", "Core", "{D7DD8A6F-F922-4EA8-817D-273BB94BDBA7}"
EndProject
Project("{FAE04EC0-301F-11D3-BF4B-00C04F79EFBC}") = "ViewModels", "src\Presentation\ViewModels\ViewModels.csproj", "{F3A1F85F-EBBF-49F1-BA2C-922C8D7DCB3C}"
EndProject
Global
	GlobalSection(SolutionConfigurationPlatforms) = preSolution
		Debug|Any CPU = Debug|Any CPU
		Release|Any CPU = Release|Any CPU
	EndGlobalSection
	GlobalSection(ProjectConfigurationPlatforms) = postSolution
		{B650D79B-03AD-4732-AA4C-AA9C525CFC10}.Debug|Any CPU.ActiveCfg = Debug|Any CPU
		{B650D79B-03AD-4732-AA4C-AA9C525CFC10}.Debug|Any CPU.Build.0 = Debug|Any CPU
		{B650D79B-03AD-4732-AA4C-AA9C525CFC10}.Release|Any CPU.ActiveCfg = Release|Any CPU
		{B650D79B-03AD-4732-AA4C-AA9C525CFC10}.Release|Any CPU.Build.0 = Release|Any CPU
		{2E013B70-BAF5-4BD3-A22C-BD07E291144D}.Debug|Any CPU.ActiveCfg = Debug|Any CPU
		{2E013B70-BAF5-4BD3-A22C-BD07E291144D}.Debug|Any CPU.Build.0 = Debug|Any CPU
		{2E013B70-BAF5-4BD3-A22C-BD07E291144D}.Release|Any CPU.ActiveCfg = Release|Any CPU
		{2E013B70-BAF5-4BD3-A22C-BD07E291144D}.Release|Any CPU.Build.0 = Release|Any CPU
		{FB5D7724-353A-4E94-AD39-54336021AC7B}.Debug|Any CPU.ActiveCfg = Debug|Any CPU
		{FB5D7724-353A-4E94-AD39-54336021AC7B}.Debug|Any CPU.Build.0 = Debug|Any CPU
		{FB5D7724-353A-4E94-AD39-54336021AC7B}.Release|Any CPU.ActiveCfg = Release|Any CPU
		{FB5D7724-353A-4E94-AD39-54336021AC7B}.Release|Any CPU.Build.0 = Release|Any CPU
		{F3A1F85F-EBBF-49F1-BA2C-922C8D7DCB3C}.Debug|Any CPU.ActiveCfg = Debug|Any CPU
		{F3A1F85F-EBBF-49F1-BA2C-922C8D7DCB3C}.Debug|Any CPU.Build.0 = Debug|Any CPU
		{F3A1F85F-EBBF-49F1-BA2C-922C8D7DCB3C}.Release|Any CPU.ActiveCfg = Release|Any CPU
		{F3A1F85F-EBBF-49F1-BA2C-922C8D7DCB3C}.Release|Any CPU.Build.0 = Release|Any CPU
	EndGlobalSection
	GlobalSection(SolutionProperties) = preSolution
		HideSolutionNode = FALSE
	EndGlobalSection
	GlobalSection(NestedProjects) = preSolution
		{6AC564DF-F9EB-4D75-81C5-B0DBBEE87894} = {8B5598C7-6830-4590-A6C2-26A34C46C9B8}
		{B9D9B925-21BF-4980-B54E-AB3282D71F40} = {8B5598C7-6830-4590-A6C2-26A34C46C9B8}
		{B6FC9DCA-E31E-43FF-997F-1BD5C3145CE2} = {60588F02-E7D3-48D6-8509-59C533A1CCF1}
		{714C1EF6-A7BF-464B-B9F2-C674E244C74C} = {10BE1957-B60E-4005-80AF-7F207FB0DDC6}
		{862F9B34-E64E-40F2-8039-2ADB599AE3BC} = {10BE1957-B60E-4005-80AF-7F207FB0DDC6}
		{BAC1689C-07E6-46C7-B9A8-27FDEAA0A2C1} = {60588F02-E7D3-48D6-8509-59C533A1CCF1}
		{2E013B70-BAF5-4BD3-A22C-BD07E291144D} = {6AC564DF-F9EB-4D75-81C5-B0DBBEE87894}
		{FB5D7724-353A-4E94-AD39-54336021AC7B} = {6AC564DF-F9EB-4D75-81C5-B0DBBEE87894}
		{F3A1F85F-EBBF-49F1-BA2C-922C8D7DCB3C} = {B9D9B925-21BF-4980-B54E-AB3282D71F40}
	EndGlobalSection
	GlobalSection(ExtensibilityGlobals) = postSolution
		SolutionGuid = {7464F7D8-0C5E-4D9D-8B78-6072E56C9355}
	EndGlobalSection
EndGlobal
